// !$*UTF8*$!
{
	archiveVersion = 1;
	classes = {
	};
	objectVersion = 50;
	objects = {

/* Begin PBXBuildFile section */
		D32578CB24937B7E0073F5A6 /* CalibrationPointView.swift in Sources */ = {isa = PBXBuildFile; fileRef = D32578CA24937B7E0073F5A6 /* CalibrationPointView.swift */; };
		D32578D824970D6D0073F5A6 /* RadioButton.swift in Sources */ = {isa = PBXBuildFile; fileRef = D32578D724970D6D0073F5A6 /* RadioButton.swift */; };
		D33B692524931FBE00137492 /* AppDelegate.swift in Sources */ = {isa = PBXBuildFile; fileRef = D33B692424931FBE00137492 /* AppDelegate.swift */; };
		D33B692724931FBE00137492 /* SceneDelegate.swift in Sources */ = {isa = PBXBuildFile; fileRef = D33B692624931FBE00137492 /* SceneDelegate.swift */; };
		D33B692924931FBE00137492 /* ViewController.swift in Sources */ = {isa = PBXBuildFile; fileRef = D33B692824931FBE00137492 /* ViewController.swift */; };
		D33B692C24931FBE00137492 /* Main.storyboard in Resources */ = {isa = PBXBuildFile; fileRef = D33B692A24931FBE00137492 /* Main.storyboard */; };
		D33B692E24931FC200137492 /* Assets.xcassets in Resources */ = {isa = PBXBuildFile; fileRef = D33B692D24931FC200137492 /* Assets.xcassets */; };
		D33B693124931FC200137492 /* LaunchScreen.storyboard in Resources */ = {isa = PBXBuildFile; fileRef = D33B692F24931FC200137492 /* LaunchScreen.storyboard */; };
		D33B693E2493532B00137492 /* GazePointView.swift in Sources */ = {isa = PBXBuildFile; fileRef = D33B693D2493532B00137492 /* GazePointView.swift */; };
		D3F882E6265C923E0013B273 /* UserStatusLabel.swift in Sources */ = {isa = PBXBuildFile; fileRef = D3F882E5265C923E0013B273 /* UserStatusLabel.swift */; };
/* End PBXBuildFile section */

/* Begin PBXCopyFilesBuildPhase section */
		D33B693C2493405D00137492 /* Embed Frameworks */ = {
			isa = PBXCopyFilesBuildPhase;
			buildActionMask = 2147483647;
			dstPath = "";
			dstSubfolderSpec = 10;
			files = (
			);
			name = "Embed Frameworks";
			runOnlyForDeploymentPostprocessing = 0;
		};
/* End PBXCopyFilesBuildPhase section */

/* Begin PBXFileReference section */
		D32578CA24937B7E0073F5A6 /* CalibrationPointView.swift */ = {isa = PBXFileReference; lastKnownFileType = sourcecode.swift; path = CalibrationPointView.swift; sourceTree = "<group>"; };
		D32578D724970D6D0073F5A6 /* RadioButton.swift */ = {isa = PBXFileReference; lastKnownFileType = sourcecode.swift; path = RadioButton.swift; sourceTree = "<group>"; };
		D33B692124931FBE00137492 /* SeeSoSample.app */ = {isa = PBXFileReference; explicitFileType = wrapper.application; includeInIndex = 0; path = SeeSoSample.app; sourceTree = BUILT_PRODUCTS_DIR; };
		D33B692424931FBE00137492 /* AppDelegate.swift */ = {isa = PBXFileReference; lastKnownFileType = sourcecode.swift; path = AppDelegate.swift; sourceTree = "<group>"; };
		D33B692624931FBE00137492 /* SceneDelegate.swift */ = {isa = PBXFileReference; lastKnownFileType = sourcecode.swift; path = SceneDelegate.swift; sourceTree = "<group>"; };
		D33B692824931FBE00137492 /* ViewController.swift */ = {isa = PBXFileReference; indentWidth = 4; lastKnownFileType = sourcecode.swift; path = ViewController.swift; sourceTree = "<group>"; tabWidth = 4; };
		D33B692B24931FBE00137492 /* Base */ = {isa = PBXFileReference; lastKnownFileType = file.storyboard; name = Base; path = Base.lproj/Main.storyboard; sourceTree = "<group>"; };
		D33B692D24931FC200137492 /* Assets.xcassets */ = {isa = PBXFileReference; lastKnownFileType = folder.assetcatalog; path = Assets.xcassets; sourceTree = "<group>"; };
		D33B693024931FC200137492 /* Base */ = {isa = PBXFileReference; lastKnownFileType = file.storyboard; name = Base; path = Base.lproj/LaunchScreen.storyboard; sourceTree = "<group>"; };
		D33B693224931FC200137492 /* Info.plist */ = {isa = PBXFileReference; lastKnownFileType = text.plist.xml; path = Info.plist; sourceTree = "<group>"; };
		D33B693D2493532B00137492 /* GazePointView.swift */ = {isa = PBXFileReference; lastKnownFileType = sourcecode.swift; path = GazePointView.swift; sourceTree = "<group>"; };
		D3F882E5265C923E0013B273 /* UserStatusLabel.swift */ = {isa = PBXFileReference; lastKnownFileType = sourcecode.swift; path = UserStatusLabel.swift; sourceTree = "<group>"; };
/* End PBXFileReference section */

/* Begin PBXFrameworksBuildPhase section */
		D33B691E24931FBE00137492 /* Frameworks */ = {
			isa = PBXFrameworksBuildPhase;
			buildActionMask = 2147483647;
			files = (
			);
			runOnlyForDeploymentPostprocessing = 0;
		};
/* End PBXFrameworksBuildPhase section */

/* Begin PBXGroup section */
		D32578D624970D580073F5A6 /* buttons */ = {
			isa = PBXGroup;
			children = (
				D32578D724970D6D0073F5A6 /* RadioButton.swift */,
			);
			path = buttons;
			sourceTree = "<group>";
		};
		D33B691824931FBE00137492 = {
			isa = PBXGroup;
			children = (
				D33B692324931FBE00137492 /* SeeSoSample */,
				D33B692224931FBE00137492 /* Products */,
				F90709E928DB00DD007BAB7A /* Frameworks */,
			);
			sourceTree = "<group>";
		};
		D33B692224931FBE00137492 /* Products */ = {
			isa = PBXGroup;
			children = (
				D33B692124931FBE00137492 /* SeeSoSample.app */,
			);
			name = Products;
			sourceTree = "<group>";
		};
		D33B692324931FBE00137492 /* SeeSoSample */ = {
			isa = PBXGroup;
			children = (
				D32578D624970D580073F5A6 /* buttons */,
				D33B693F2493535200137492 /* views */,
				D33B692424931FBE00137492 /* AppDelegate.swift */,
				D33B692624931FBE00137492 /* SceneDelegate.swift */,
				D33B692824931FBE00137492 /* ViewController.swift */,
				D33B692A24931FBE00137492 /* Main.storyboard */,
				D33B692D24931FC200137492 /* Assets.xcassets */,
				D33B692F24931FC200137492 /* LaunchScreen.storyboard */,
				D33B693224931FC200137492 /* Info.plist */,
			);
			path = SeeSoSample;
			sourceTree = "<group>";
		};
		D33B693F2493535200137492 /* views */ = {
			isa = PBXGroup;
			children = (
				D33B693D2493532B00137492 /* GazePointView.swift */,
				D32578CA24937B7E0073F5A6 /* CalibrationPointView.swift */,
				D3F882E5265C923E0013B273 /* UserStatusLabel.swift */,
			);
			path = views;
			sourceTree = "<group>";
		};
		F90709E928DB00DD007BAB7A /* Frameworks */ = {
			isa = PBXGroup;
			children = (
			);
			name = Frameworks;
			sourceTree = "<group>";
		};
/* End PBXGroup section */

/* Begin PBXNativeTarget section */
		D33B692024931FBE00137492 /* SeeSoSample */ = {
			isa = PBXNativeTarget;
			buildConfigurationList = D33B693524931FC200137492 /* Build configuration list for PBXNativeTarget "SeeSoSample" */;
			buildPhases = (
				D33B691D24931FBE00137492 /* Sources */,
				D33B691E24931FBE00137492 /* Frameworks */,
				D33B691F24931FBE00137492 /* Resources */,
				D33B693C2493405D00137492 /* Embed Frameworks */,
			);
			buildRules = (
			);
			dependencies = (
			);
			name = SeeSoSample;
			productName = SeeSoSample;
			productReference = D33B692124931FBE00137492 /* SeeSoSample.app */;
			productType = "com.apple.product-type.application";
		};
/* End PBXNativeTarget section */

/* Begin PBXProject section */
		D33B691924931FBE00137492 /* Project object */ = {
			isa = PBXProject;
			attributes = {
				LastSwiftUpdateCheck = 1150;
				LastUpgradeCheck = 1150;
				ORGANIZATIONNAME = VisaulCamp;
				TargetAttributes = {
					D33B692024931FBE00137492 = {
						CreatedOnToolsVersion = 11.5;
					};
				};
			};
			buildConfigurationList = D33B691C24931FBE00137492 /* Build configuration list for PBXProject "SeeSoSample" */;
			compatibilityVersion = "Xcode 9.3";
			developmentRegion = en;
			hasScannedForEncodings = 0;
			knownRegions = (
				en,
				Base,
			);
			mainGroup = D33B691824931FBE00137492;
			productRefGroup = D33B692224931FBE00137492 /* Products */;
			projectDirPath = "";
			projectRoot = "";
			targets = (
				D33B692024931FBE00137492 /* SeeSoSample */,
			);
		};
/* End PBXProject section */

/* Begin PBXResourcesBuildPhase section */
		D33B691F24931FBE00137492 /* Resources */ = {
			isa = PBXResourcesBuildPhase;
			buildActionMask = 2147483647;
			files = (
				D33B693124931FC200137492 /* LaunchScreen.storyboard in Resources */,
				D33B692E24931FC200137492 /* Assets.xcassets in Resources */,
				D33B692C24931FBE00137492 /* Main.storyboard in Resources */,
			);
			runOnlyForDeploymentPostprocessing = 0;
		};
/* End PBXResourcesBuildPhase section */

/* Begin PBXSourcesBuildPhase section */
		D33B691D24931FBE00137492 /* Sources */ = {
			isa = PBXSourcesBuildPhase;
			buildActionMask = 2147483647;
			files = (
				D33B692924931FBE00137492 /* ViewController.swift in Sources */,
				D3F882E6265C923E0013B273 /* UserStatusLabel.swift in Sources */,
				D33B692524931FBE00137492 /* AppDelegate.swift in Sources */,
				D32578CB24937B7E0073F5A6 /* CalibrationPointView.swift in Sources */,
				D32578D824970D6D0073F5A6 /* RadioButton.swift in Sources */,
				D33B693E2493532B00137492 /* GazePointView.swift in Sources */,
				D33B692724931FBE00137492 /* SceneDelegate.swift in Sources */,
			);
			runOnlyForDeploymentPostprocessing = 0;
		};
/* End PBXSourcesBuildPhase section */

/* Begin PBXVariantGroup section */
		D33B692A24931FBE00137492 /* Main.storyboard */ = {
			isa = PBXVariantGroup;
			children = (
				D33B692B24931FBE00137492 /* Base */,
			);
			name = Main.storyboard;
			sourceTree = "<group>";
		};
		D33B692F24931FC200137492 /* LaunchScreen.storyboard */ = {
			isa = PBXVariantGroup;
			children = (
				D33B693024931FC200137492 /* Base */,
			);
			name = LaunchScreen.storyboard;
			sourceTree = "<group>";
		};
/* End PBXVariantGroup section */

/* Begin XCBuildConfiguration section */
		D33B693324931FC200137492 /* Debug */ = {
			isa = XCBuildConfiguration;
			buildSettings = {
				ALWAYS_SEARCH_USER_PATHS = NO;
				CLANG_ANALYZER_NONNULL = YES;
				CLANG_ANALYZER_NUMBER_OBJECT_CONVERSION = YES_AGGRESSIVE;
				CLANG_CXX_LANGUAGE_STANDARD = "gnu++14";
				CLANG_CXX_LIBRARY = "libc++";
				CLANG_ENABLE_MODULES = YES;
				CLANG_ENABLE_OBJC_ARC = YES;
				CLANG_ENABLE_OBJC_WEAK = YES;
				CLANG_WARN_BLOCK_CAPTURE_AUTORELEASING = YES;
				CLANG_WARN_BOOL_CONVERSION = YES;
				CLANG_WARN_COMMA = YES;
				CLANG_WARN_CONSTANT_CONVERSION = YES;
				CLANG_WARN_DEPRECATED_OBJC_IMPLEMENTATIONS = YES;
				CLANG_WARN_DIRECT_OBJC_ISA_USAGE = YES_ERROR;
				CLANG_WARN_DOCUMENTATION_COMMENTS = YES;
				CLANG_WARN_EMPTY_BODY = YES;
				CLANG_WARN_ENUM_CONVERSION = YES;
				CLANG_WARN_INFINITE_RECURSION = YES;
				CLANG_WARN_INT_CONVERSION = YES;
				CLANG_WARN_NON_LITERAL_NULL_CONVERSION = YES;
				CLANG_WARN_OBJC_IMPLICIT_RETAIN_SELF = YES;
				CLANG_WARN_OBJC_LITERAL_CONVERSION = YES;
				CLANG_WARN_OBJC_ROOT_CLASS = YES_ERROR;
				CLANG_WARN_RANGE_LOOP_ANALYSIS = YES;
				CLANG_WARN_STRICT_PROTOTYPES = YES;
				CLANG_WARN_SUSPICIOUS_MOVE = YES;
				CLANG_WARN_UNGUARDED_AVAILABILITY = YES_AGGRESSIVE;
				CLANG_WARN_UNREACHABLE_CODE = YES;
				CLANG_WARN__DUPLICATE_METHOD_MATCH = YES;
				COPY_PHASE_STRIP = NO;
				DEBUG_INFORMATION_FORMAT = dwarf;
				ENABLE_STRICT_OBJC_MSGSEND = YES;
				ENABLE_TESTABILITY = YES;
				GCC_C_LANGUAGE_STANDARD = gnu11;
				GCC_DYNAMIC_NO_PIC = NO;
				GCC_NO_COMMON_BLOCKS = YES;
				GCC_OPTIMIZATION_LEVEL = 0;
				GCC_PREPROCESSOR_DEFINITIONS = (
					"DEBUG=1",
					"$(inherited)",
				);
				GCC_WARN_64_TO_32_BIT_CONVERSION = YES;
				GCC_WARN_ABOUT_RETURN_TYPE = YES_ERROR;
				GCC_WARN_UNDECLARED_SELECTOR = YES;
				GCC_WARN_UNINITIALIZED_AUTOS = YES_AGGRESSIVE;
				GCC_WARN_UNUSED_FUNCTION = YES;
				GCC_WARN_UNUSED_VARIABLE = YES;
				IPHONEOS_DEPLOYMENT_TARGET = 13.5;
				MTL_ENABLE_DEBUG_INFO = INCLUDE_SOURCE;
				MTL_FAST_MATH = YES;
				ONLY_ACTIVE_ARCH = YES;
				SDKROOT = iphoneos;
				SWIFT_ACTIVE_COMPILATION_CONDITIONS = DEBUG;
				SWIFT_OPTIMIZATION_LEVEL = "-Onone";
			};
			name = Debug;
		};
		D33B693424931FC200137492 /* Release */ = {
			isa = XCBuildConfiguration;
			buildSettings = {
				ALWAYS_SEARCH_USER_PATHS = NO;
				CLANG_ANALYZER_NONNULL = YES;
				CLANG_ANALYZER_NUMBER_OBJECT_CONVERSION = YES_AGGRESSIVE;
				CLANG_CXX_LANGUAGE_STANDARD = "gnu++14";
				CLANG_CXX_LIBRARY = "libc++";
				CLANG_ENABLE_MODULES = YES;
				CLANG_ENABLE_OBJC_ARC = YES;
				CLANG_ENABLE_OBJC_WEAK = YES;
				CLANG_WARN_BLOCK_CAPTURE_AUTORELEASING = YES;
				CLANG_WARN_BOOL_CONVERSION = YES;
				CLANG_WARN_COMMA = YES;
				CLANG_WARN_CONSTANT_CONVERSION = YES;
				CLANG_WARN_DEPRECATED_OBJC_IMPLEMENTATIONS = YES;
				CLANG_WARN_DIRECT_OBJC_ISA_USAGE = YES_ERROR;
				CLANG_WARN_DOCUMENTATION_COMMENTS = YES;
				CLANG_WARN_EMPTY_BODY = YES;
				CLANG_WARN_ENUM_CONVERSION = YES;
				CLANG_WARN_INFINITE_RECURSION = YES;
				CLANG_WARN_INT_CONVERSION = YES;
				CLANG_WARN_NON_LITERAL_NULL_CONVERSION = YES;
				CLANG_WARN_OBJC_IMPLICIT_RETAIN_SELF = YES;
				CLANG_WARN_OBJC_LITERAL_CONVERSION = YES;
				CLANG_WARN_OBJC_ROOT_CLASS = YES_ERROR;
				CLANG_WARN_RANGE_LOOP_ANALYSIS = YES;
				CLANG_WARN_STRICT_PROTOTYPES = YES;
				CLANG_WARN_SUSPICIOUS_MOVE = YES;
				CLANG_WARN_UNGUARDED_AVAILABILITY = YES_AGGRESSIVE;
				CLANG_WARN_UNREACHABLE_CODE = YES;
				CLANG_WARN__DUPLICATE_METHOD_MATCH = YES;
				COPY_PHASE_STRIP = NO;
				DEBUG_INFORMATION_FORMAT = "dwarf-with-dsym";
				ENABLE_NS_ASSERTIONS = NO;
				ENABLE_STRICT_OBJC_MSGSEND = YES;
				GCC_C_LANGUAGE_STANDARD = gnu11;
				GCC_NO_COMMON_BLOCKS = YES;
				GCC_WARN_64_TO_32_BIT_CONVERSION = YES;
				GCC_WARN_ABOUT_RETURN_TYPE = YES_ERROR;
				GCC_WARN_UNDECLARED_SELECTOR = YES;
				GCC_WARN_UNINITIALIZED_AUTOS = YES_AGGRESSIVE;
				GCC_WARN_UNUSED_FUNCTION = YES;
				GCC_WARN_UNUSED_VARIABLE = YES;
				IPHONEOS_DEPLOYMENT_TARGET = 13.5;
				MTL_ENABLE_DEBUG_INFO = NO;
				MTL_FAST_MATH = YES;
				SDKROOT = iphoneos;
				SWIFT_COMPILATION_MODE = wholemodule;
				SWIFT_OPTIMIZATION_LEVEL = "-O";
				VALIDATE_PRODUCT = YES;
			};
			name = Release;
		};
		D33B693624931FC200137492 /* Debug */ = {
			isa = XCBuildConfiguration;
			buildSettings = {
				ASSETCATALOG_COMPILER_APPICON_NAME = AppIcon;
				CODE_SIGN_STYLE = Automatic;
				DEVELOPMENT_TEAM = BMGDL6J6CA;
				FRAMEWORK_SEARCH_PATHS = (
					"$(inherited)",
					"$(PROJECT_DIR)/SeeSoSample",
					"$(PROJECT_DIR)",
					"$(PROJECT_DIR)/SeeSoSample/views",
				);
				INFOPLIST_FILE = SeeSoSample/Info.plist;
				IPHONEOS_DEPLOYMENT_TARGET = 13.0;
				LD_RUNPATH_SEARCH_PATHS = (
					"$(inherited)",
					"@executable_path/Frameworks",
				);
				MARKETING_VERSION = 1.1;
				PRODUCT_BUNDLE_IDENTIFIER = camp.visual.ios.sample.SeeSoSample;
				PRODUCT_NAME = "$(TARGET_NAME)";
				STRIP_STYLE = all;
				SWIFT_VERSION = 5.0;
				TARGETED_DEVICE_FAMILY = "1,2";
			};
			name = Debug;
		};
		D33B693724931FC200137492 /* Release */ = {
			isa = XCBuildConfiguration;
			buildSettings = {
				ASSETCATALOG_COMPILER_APPICON_NAME = AppIcon;
				CODE_SIGN_STYLE = Automatic;
				DEVELOPMENT_TEAM = BMGDL6J6CA;
				FRAMEWORK_SEARCH_PATHS = (
					"$(inherited)",
					"$(PROJECT_DIR)/SeeSoSample",
					"$(PROJECT_DIR)",
					"$(PROJECT_DIR)/SeeSoSample/views",
				);
				INFOPLIST_FILE = SeeSoSample/Info.plist;
				IPHONEOS_DEPLOYMENT_TARGET = 13.0;
				LD_RUNPATH_SEARCH_PATHS = (
					"$(inherited)",
					"@executable_path/Frameworks",
				);
				MARKETING_VERSION = 1.1;
				PRODUCT_BUNDLE_IDENTIFIER = camp.visual.ios.sample.SeeSoSample;
				PRODUCT_NAME = "$(TARGET_NAME)";
				STRIP_STYLE = all;
				SWIFT_VERSION = 5.0;
				TARGETED_DEVICE_FAMILY = "1,2";
			};
			name = Release;
		};
/* End XCBuildConfiguration section */

/* Begin XCConfigurationList section */
		D33B691C24931FBE00137492 /* Build configuration list for PBXProject "SeeSoSample" */ = {
			isa = XCConfigurationList;
			buildConfigurations = (
				D33B693324931FC200137492 /* Debug */,
				D33B693424931FC200137492 /* Release */,
			);
			defaultConfigurationIsVisible = 0;
			defaultConfigurationName = Release;
		};
		D33B693524931FC200137492 /* Build configuration list for PBXNativeTarget "SeeSoSample" */ = {
			isa = XCConfigurationList;
			buildConfigurations = (
				D33B693624931FC200137492 /* Debug */,
				D33B693724931FC200137492 /* Release */,
			);
			defaultConfigurationIsVisible = 0;
			defaultConfigurationName = Release;
		};
/* End XCConfigurationList section */
	};
	rootObject = D33B691924931FBE00137492 /* Project object */;
}
